// !$*UTF8*$!
{
	archiveVersion = 1;
	classes = {
	};
	objectVersion = 50;
	objects = {

/* Begin PBXBuildFile section */
		9D6943B72367927D00AC09D9 /* AppDelegate.swift in Sources */ = {isa = PBXBuildFile; fileRef = 9D6943B62367927D00AC09D9 /* AppDelegate.swift */; };
		9D6943BB2367927E00AC09D9 /* Assets.xcassets in Resources */ = {isa = PBXBuildFile; fileRef = 9D6943BA2367927E00AC09D9 /* Assets.xcassets */; };
		9D6943BE2367927E00AC09D9 /* Main.storyboard in Resources */ = {isa = PBXBuildFile; fileRef = 9D6943BC2367927E00AC09D9 /* Main.storyboard */; };
		9D6943E52369233F00AC09D9 /* WelcomeViewController.swift in Sources */ = {isa = PBXBuildFile; fileRef = 9D6943E42369233F00AC09D9 /* WelcomeViewController.swift */; };
		9D6943E8236939FE00AC09D9 /* MainWindowController.swift in Sources */ = {isa = PBXBuildFile; fileRef = 9D6943E7236939FE00AC09D9 /* MainWindowController.swift */; };
		9D6943EA23693AE400AC09D9 /* MainViewController.swift in Sources */ = {isa = PBXBuildFile; fileRef = 9D6943E923693AE400AC09D9 /* MainViewController.swift */; };
		9D6943EC2369CC3400AC09D9 /* ServiceDelegate.swift in Sources */ = {isa = PBXBuildFile; fileRef = 9D6943EB2369CC3400AC09D9 /* ServiceDelegate.swift */; };
		9D6943F0236A0D0B00AC09D9 /* com.redwoodmonkey.FermentrackProcessManager.xpc in CopyFiles */ = {isa = PBXBuildFile; fileRef = 9D8EA45923678C050027F7CA /* com.redwoodmonkey.FermentrackProcessManager.xpc */; settings = {ATTRIBUTES = (RemoveHeadersOnCopy, ); }; };
		9D6943F2236A0D6900AC09D9 /* FermentrackProcessManagerProtocol.swift in Sources */ = {isa = PBXBuildFile; fileRef = 9D6943F1236A0D6900AC09D9 /* FermentrackProcessManagerProtocol.swift */; };
		9D6943F3236A0E6100AC09D9 /* FermentrackProcessManagerProtocol.swift in Sources */ = {isa = PBXBuildFile; fileRef = 9D6943F1236A0D6900AC09D9 /* FermentrackProcessManagerProtocol.swift */; };
		9D8EA46523678D110027F7CA /* main.swift in Sources */ = {isa = PBXBuildFile; fileRef = 9D6AC1942364F52100965419 /* main.swift */; };
		9D8EA46623678D110027F7CA /* FermentrackProcessManager.swift in Sources */ = {isa = PBXBuildFile; fileRef = 9D8EA42D23672A820027F7CA /* FermentrackProcessManager.swift */; };
		9D8EA46723678D110027F7CA /* CustomError.swift in Sources */ = {isa = PBXBuildFile; fileRef = 9D8EA42F23672CF60027F7CA /* CustomError.swift */; };
		9D8EA46C23678DDA0027F7CA /* redis-server in CopyFiles */ = {isa = PBXBuildFile; fileRef = 9D6AC1FB236507DA00965419 /* redis-server */; settings = {ATTRIBUTES = (CodeSignOnCopy, ); }; };
		9D8EA46D23678DDB0027F7CA /* redis-cli in CopyFiles */ = {isa = PBXBuildFile; fileRef = 9D8EA42523653D5F0027F7CA /* redis-cli */; settings = {ATTRIBUTES = (CodeSignOnCopy, ); }; };
		9D8EA46E23678DE10027F7CA /* redis.conf in Resources */ = {isa = PBXBuildFile; fileRef = 9D6AC1FC236507DA00965419 /* redis.conf */; };
/* End PBXBuildFile section */

/* Begin PBXContainerItemProxy section */
		9D6943ED236A0CF800AC09D9 /* PBXContainerItemProxy */ = {
			isa = PBXContainerItemProxy;
			containerPortal = 9D6AC1892364F52100965419 /* Project object */;
			proxyType = 1;
			remoteGlobalIDString = 9D8EA45823678C050027F7CA;
			remoteInfo = com.redwoodmonkey.FermentrackProcessManager;
		};
/* End PBXContainerItemProxy section */

/* Begin PBXCopyFilesBuildPhase section */
		9D6943EF236A0D0000AC09D9 /* CopyFiles */ = {
			isa = PBXCopyFilesBuildPhase;
			buildActionMask = 2147483647;
			dstPath = "";
			dstSubfolderSpec = 6;
			files = (
				9D6943F0236A0D0B00AC09D9 /* com.redwoodmonkey.FermentrackProcessManager.xpc in CopyFiles */,
			);
			runOnlyForDeploymentPostprocessing = 0;
		};
		9D8EA46B23678DCE0027F7CA /* CopyFiles */ = {
			isa = PBXCopyFilesBuildPhase;
			buildActionMask = 2147483647;
			dstPath = "";
			dstSubfolderSpec = 6;
			files = (
				9D8EA46C23678DDA0027F7CA /* redis-server in CopyFiles */,
				9D8EA46D23678DDB0027F7CA /* redis-cli in CopyFiles */,
			);
			runOnlyForDeploymentPostprocessing = 0;
		};
/* End PBXCopyFilesBuildPhase section */

/* Begin PBXFileReference section */
		9D6943B42367927D00AC09D9 /* FermentrackManager.app */ = {isa = PBXFileReference; explicitFileType = wrapper.application; includeInIndex = 0; path = FermentrackManager.app; sourceTree = BUILT_PRODUCTS_DIR; };
		9D6943B62367927D00AC09D9 /* AppDelegate.swift */ = {isa = PBXFileReference; lastKnownFileType = sourcecode.swift; path = AppDelegate.swift; sourceTree = "<group>"; };
		9D6943BA2367927E00AC09D9 /* Assets.xcassets */ = {isa = PBXFileReference; lastKnownFileType = folder.assetcatalog; path = Assets.xcassets; sourceTree = "<group>"; };
		9D6943BD2367927E00AC09D9 /* Base */ = {isa = PBXFileReference; lastKnownFileType = file.storyboard; name = Base; path = Base.lproj/Main.storyboard; sourceTree = "<group>"; };
		9D6943BF2367927E00AC09D9 /* Info.plist */ = {isa = PBXFileReference; lastKnownFileType = text.plist.xml; path = Info.plist; sourceTree = "<group>"; };
		9D6943C02367927E00AC09D9 /* FermentrackManager.entitlements */ = {isa = PBXFileReference; lastKnownFileType = text.plist.entitlements; path = FermentrackManager.entitlements; sourceTree = "<group>"; };
		9D6943E42369233F00AC09D9 /* WelcomeViewController.swift */ = {isa = PBXFileReference; lastKnownFileType = sourcecode.swift; path = WelcomeViewController.swift; sourceTree = "<group>"; };
		9D6943E7236939FE00AC09D9 /* MainWindowController.swift */ = {isa = PBXFileReference; lastKnownFileType = sourcecode.swift; path = MainWindowController.swift; sourceTree = "<group>"; };
		9D6943E923693AE400AC09D9 /* MainViewController.swift */ = {isa = PBXFileReference; lastKnownFileType = sourcecode.swift; path = MainViewController.swift; sourceTree = "<group>"; };
		9D6943EB2369CC3400AC09D9 /* ServiceDelegate.swift */ = {isa = PBXFileReference; lastKnownFileType = sourcecode.swift; path = ServiceDelegate.swift; sourceTree = "<group>"; };
		9D6943F1236A0D6900AC09D9 /* FermentrackProcessManagerProtocol.swift */ = {isa = PBXFileReference; lastKnownFileType = sourcecode.swift; path = FermentrackProcessManagerProtocol.swift; sourceTree = "<group>"; };
		9D6AC1942364F52100965419 /* main.swift */ = {isa = PBXFileReference; lastKnownFileType = sourcecode.swift; path = main.swift; sourceTree = "<group>"; };
		9D6AC1FB236507DA00965419 /* redis-server */ = {isa = PBXFileReference; lastKnownFileType = "compiled.mach-o.executable"; path = "redis-server"; sourceTree = "<group>"; };
		9D6AC1FC236507DA00965419 /* redis.conf */ = {isa = PBXFileReference; fileEncoding = 4; lastKnownFileType = text; path = redis.conf; sourceTree = "<group>"; };
		9D8EA42523653D5F0027F7CA /* redis-cli */ = {isa = PBXFileReference; lastKnownFileType = "compiled.mach-o.executable"; path = "redis-cli"; sourceTree = "<group>"; };
		9D8EA42D23672A820027F7CA /* FermentrackProcessManager.swift */ = {isa = PBXFileReference; lastKnownFileType = sourcecode.swift; path = FermentrackProcessManager.swift; sourceTree = "<group>"; };
		9D8EA42F23672CF60027F7CA /* CustomError.swift */ = {isa = PBXFileReference; lastKnownFileType = sourcecode.swift; path = CustomError.swift; sourceTree = "<group>"; };
		9D8EA45923678C050027F7CA /* com.redwoodmonkey.FermentrackProcessManager.xpc */ = {isa = PBXFileReference; explicitFileType = "wrapper.xpc-service"; includeInIndex = 0; path = com.redwoodmonkey.FermentrackProcessManager.xpc; sourceTree = BUILT_PRODUCTS_DIR; };
		9D8EA46123678C050027F7CA /* Info.plist */ = {isa = PBXFileReference; lastKnownFileType = text.plist.xml; path = Info.plist; sourceTree = "<group>"; };
		9D8EA46F23678FFD0027F7CA /* com.redwoodmonkey.FermentrackProcessManager.plist */ = {isa = PBXFileReference; lastKnownFileType = text.plist.xml; path = com.redwoodmonkey.FermentrackProcessManager.plist; sourceTree = "<group>"; };
/* End PBXFileReference section */

/* Begin PBXFrameworksBuildPhase section */
		9D6943B12367927D00AC09D9 /* Frameworks */ = {
			isa = PBXFrameworksBuildPhase;
			buildActionMask = 2147483647;
			files = (
			);
			runOnlyForDeploymentPostprocessing = 0;
		};
		9D8EA45623678C050027F7CA /* Frameworks */ = {
			isa = PBXFrameworksBuildPhase;
			buildActionMask = 2147483647;
			files = (
			);
			runOnlyForDeploymentPostprocessing = 0;
		};
/* End PBXFrameworksBuildPhase section */

/* Begin PBXGroup section */
		9D6943B52367927D00AC09D9 /* FermentrackManager */ = {
			isa = PBXGroup;
			children = (
				9D6943B62367927D00AC09D9 /* AppDelegate.swift */,
				9D6943BA2367927E00AC09D9 /* Assets.xcassets */,
				9D6943BC2367927E00AC09D9 /* Main.storyboard */,
				9D6943E923693AE400AC09D9 /* MainViewController.swift */,
				9D6943BF2367927E00AC09D9 /* Info.plist */,
				9D6943C02367927E00AC09D9 /* FermentrackManager.entitlements */,
				9D6943E42369233F00AC09D9 /* WelcomeViewController.swift */,
				9D6943E7236939FE00AC09D9 /* MainWindowController.swift */,
			);
			path = FermentrackManager;
			sourceTree = "<group>";
		};
		9D6AC1882364F52100965419 = {
			isa = PBXGroup;
			children = (
				9D8EA45A23678C050027F7CA /* com.redwoodmonkey.FermentrackProcessManager */,
				9D6943B52367927D00AC09D9 /* FermentrackManager */,
				9D6AC1922364F52100965419 /* Products */,
			);
			sourceTree = "<group>";
		};
		9D6AC1922364F52100965419 /* Products */ = {
			isa = PBXGroup;
			children = (
				9D8EA45923678C050027F7CA /* com.redwoodmonkey.FermentrackProcessManager.xpc */,
				9D6943B42367927D00AC09D9 /* FermentrackManager.app */,
			);
			name = Products;
			sourceTree = "<group>";
		};
		9D6AC1FA236507DA00965419 /* redis */ = {
			isa = PBXGroup;
			children = (
				9D6AC1FB236507DA00965419 /* redis-server */,
				9D8EA42523653D5F0027F7CA /* redis-cli */,
				9D6AC1FC236507DA00965419 /* redis.conf */,
			);
			path = redis;
			sourceTree = "<group>";
		};
		9D8EA45A23678C050027F7CA /* com.redwoodmonkey.FermentrackProcessManager */ = {
			isa = PBXGroup;
			children = (
				9D6AC1FA236507DA00965419 /* redis */,
				9D6AC1942364F52100965419 /* main.swift */,
				9D8EA42D23672A820027F7CA /* FermentrackProcessManager.swift */,
				9D8EA42F23672CF60027F7CA /* CustomError.swift */,
				9D8EA46123678C050027F7CA /* Info.plist */,
				9D8EA46F23678FFD0027F7CA /* com.redwoodmonkey.FermentrackProcessManager.plist */,
				9D6943EB2369CC3400AC09D9 /* ServiceDelegate.swift */,
				9D6943F1236A0D6900AC09D9 /* FermentrackProcessManagerProtocol.swift */,
			);
			path = com.redwoodmonkey.FermentrackProcessManager;
			sourceTree = "<group>";
		};
/* End PBXGroup section */

/* Begin PBXNativeTarget section */
		9D6943B32367927D00AC09D9 /* FermentrackManager */ = {
			isa = PBXNativeTarget;
			buildConfigurationList = 9D6943C32367927E00AC09D9 /* Build configuration list for PBXNativeTarget "FermentrackManager" */;
			buildPhases = (
				9D6943B02367927D00AC09D9 /* Sources */,
				9D6943B12367927D00AC09D9 /* Frameworks */,
				9D6943B22367927D00AC09D9 /* Resources */,
				9D6943EF236A0D0000AC09D9 /* CopyFiles */,
			);
			buildRules = (
			);
			dependencies = (
				9D6943EE236A0CF800AC09D9 /* PBXTargetDependency */,
			);
			name = FermentrackManager;
			productName = FermentrackManager;
			productReference = 9D6943B42367927D00AC09D9 /* FermentrackManager.app */;
			productType = "com.apple.product-type.application";
		};
		9D8EA45823678C050027F7CA /* com.redwoodmonkey.FermentrackProcessManager */ = {
			isa = PBXNativeTarget;
			buildConfigurationList = 9D8EA46223678C050027F7CA /* Build configuration list for PBXNativeTarget "com.redwoodmonkey.FermentrackProcessManager" */;
			buildPhases = (
				9D8EA45523678C050027F7CA /* Sources */,
				9D8EA45623678C050027F7CA /* Frameworks */,
				9D8EA45723678C050027F7CA /* Resources */,
				9D8EA46B23678DCE0027F7CA /* CopyFiles */,
			);
			buildRules = (
			);
			dependencies = (
			);
			name = com.redwoodmonkey.FermentrackProcessManager;
			productName = com.redwoodmonkey.FermentrackProcessManager;
			productReference = 9D8EA45923678C050027F7CA /* com.redwoodmonkey.FermentrackProcessManager.xpc */;
			productType = "com.apple.product-type.xpc-service";
		};
/* End PBXNativeTarget section */

/* Begin PBXProject section */
		9D6AC1892364F52100965419 /* Project object */ = {
			isa = PBXProject;
			attributes = {
				LastSwiftUpdateCheck = 1100;
				LastUpgradeCheck = 1100;
				ORGANIZATIONNAME = "Corbin Dunn";
				TargetAttributes = {
					9D6943B32367927D00AC09D9 = {
						CreatedOnToolsVersion = 11.0;
					};
					9D8EA45823678C050027F7CA = {
						CreatedOnToolsVersion = 11.0;
					};
				};
			};
			buildConfigurationList = 9D6AC18C2364F52100965419 /* Build configuration list for PBXProject "FermentrackManager" */;
			compatibilityVersion = "Xcode 9.3";
			developmentRegion = en;
			hasScannedForEncodings = 0;
			knownRegions = (
				en,
				Base,
			);
			mainGroup = 9D6AC1882364F52100965419;
			productRefGroup = 9D6AC1922364F52100965419 /* Products */;
			projectDirPath = "";
			projectRoot = "";
			targets = (
				9D8EA45823678C050027F7CA /* com.redwoodmonkey.FermentrackProcessManager */,
				9D6943B32367927D00AC09D9 /* FermentrackManager */,
			);
		};
/* End PBXProject section */

/* Begin PBXResourcesBuildPhase section */
		9D6943B22367927D00AC09D9 /* Resources */ = {
			isa = PBXResourcesBuildPhase;
			buildActionMask = 2147483647;
			files = (
				9D6943BB2367927E00AC09D9 /* Assets.xcassets in Resources */,
				9D6943BE2367927E00AC09D9 /* Main.storyboard in Resources */,
			);
			runOnlyForDeploymentPostprocessing = 0;
		};
		9D8EA45723678C050027F7CA /* Resources */ = {
			isa = PBXResourcesBuildPhase;
			buildActionMask = 2147483647;
			files = (
				9D8EA46E23678DE10027F7CA /* redis.conf in Resources */,
			);
			runOnlyForDeploymentPostprocessing = 0;
		};
/* End PBXResourcesBuildPhase section */

/* Begin PBXSourcesBuildPhase section */
		9D6943B02367927D00AC09D9 /* Sources */ = {
			isa = PBXSourcesBuildPhase;
			buildActionMask = 2147483647;
			files = (
				9D6943F3236A0E6100AC09D9 /* FermentrackProcessManagerProtocol.swift in Sources */,
				9D6943E52369233F00AC09D9 /* WelcomeViewController.swift in Sources */,
				9D6943B72367927D00AC09D9 /* AppDelegate.swift in Sources */,
				9D6943E8236939FE00AC09D9 /* MainWindowController.swift in Sources */,
				9D6943EA23693AE400AC09D9 /* MainViewController.swift in Sources */,
			);
			runOnlyForDeploymentPostprocessing = 0;
		};
		9D8EA45523678C050027F7CA /* Sources */ = {
			isa = PBXSourcesBuildPhase;
			buildActionMask = 2147483647;
			files = (
				9D6943EC2369CC3400AC09D9 /* ServiceDelegate.swift in Sources */,
				9D8EA46523678D110027F7CA /* main.swift in Sources */,
				9D8EA46623678D110027F7CA /* FermentrackProcessManager.swift in Sources */,
				9D6943F2236A0D6900AC09D9 /* FermentrackProcessManagerProtocol.swift in Sources */,
				9D8EA46723678D110027F7CA /* CustomError.swift in Sources */,
			);
			runOnlyForDeploymentPostprocessing = 0;
		};
/* End PBXSourcesBuildPhase section */

/* Begin PBXTargetDependency section */
		9D6943EE236A0CF800AC09D9 /* PBXTargetDependency */ = {
			isa = PBXTargetDependency;
			target = 9D8EA45823678C050027F7CA /* com.redwoodmonkey.FermentrackProcessManager */;
			targetProxy = 9D6943ED236A0CF800AC09D9 /* PBXContainerItemProxy */;
		};
/* End PBXTargetDependency section */

/* Begin PBXVariantGroup section */
		9D6943BC2367927E00AC09D9 /* Main.storyboard */ = {
			isa = PBXVariantGroup;
			children = (
				9D6943BD2367927E00AC09D9 /* Base */,
			);
			name = Main.storyboard;
			sourceTree = "<group>";
		};
/* End PBXVariantGroup section */

/* Begin XCBuildConfiguration section */
		9D6943C12367927E00AC09D9 /* Debug */ = {
			isa = XCBuildConfiguration;
			buildSettings = {
				ASSETCATALOG_COMPILER_APPICON_NAME = AppIcon;
				CODE_SIGN_ENTITLEMENTS = FermentrackManager/FermentrackManager.entitlements;
				CODE_SIGN_STYLE = Automatic;
				COMBINE_HIDPI_IMAGES = YES;
				INFOPLIST_FILE = FermentrackManager/Info.plist;
				LD_RUNPATH_SEARCH_PATHS = (
					"$(inherited)",
					"@executable_path/../Frameworks",
				);
				PRODUCT_BUNDLE_IDENTIFIER = com.redwoodmonkey.FermentrackManager;
				PRODUCT_NAME = "$(TARGET_NAME)";
				SWIFT_VERSION = 5.0;
			};
			name = Debug;
		};
		9D6943C22367927E00AC09D9 /* Release */ = {
			isa = XCBuildConfiguration;
			buildSettings = {
				ASSETCATALOG_COMPILER_APPICON_NAME = AppIcon;
				CODE_SIGN_ENTITLEMENTS = FermentrackManager/FermentrackManager.entitlements;
				CODE_SIGN_STYLE = Automatic;
				COMBINE_HIDPI_IMAGES = YES;
				INFOPLIST_FILE = FermentrackManager/Info.plist;
				LD_RUNPATH_SEARCH_PATHS = (
					"$(inherited)",
					"@executable_path/../Frameworks",
				);
				PRODUCT_BUNDLE_IDENTIFIER = com.redwoodmonkey.FermentrackManager;
				PRODUCT_NAME = "$(TARGET_NAME)";
				SWIFT_VERSION = 5.0;
			};
			name = Release;
		};
		9D6AC1962364F52100965419 /* Debug */ = {
			isa = XCBuildConfiguration;
			buildSettings = {
				ALWAYS_SEARCH_USER_PATHS = NO;
				CLANG_ANALYZER_NONNULL = YES;
				CLANG_ANALYZER_NUMBER_OBJECT_CONVERSION = YES_AGGRESSIVE;
				CLANG_CXX_LANGUAGE_STANDARD = "gnu++14";
				CLANG_CXX_LIBRARY = "libc++";
				CLANG_ENABLE_MODULES = YES;
				CLANG_ENABLE_OBJC_ARC = YES;
				CLANG_ENABLE_OBJC_WEAK = YES;
				CLANG_WARN_BLOCK_CAPTURE_AUTORELEASING = YES;
				CLANG_WARN_BOOL_CONVERSION = YES;
				CLANG_WARN_COMMA = YES;
				CLANG_WARN_CONSTANT_CONVERSION = YES;
				CLANG_WARN_DEPRECATED_OBJC_IMPLEMENTATIONS = YES;
				CLANG_WARN_DIRECT_OBJC_ISA_USAGE = YES_ERROR;
				CLANG_WARN_DOCUMENTATION_COMMENTS = YES;
				CLANG_WARN_EMPTY_BODY = YES;
				CLANG_WARN_ENUM_CONVERSION = YES;
				CLANG_WARN_INFINITE_RECURSION = YES;
				CLANG_WARN_INT_CONVERSION = YES;
				CLANG_WARN_NON_LITERAL_NULL_CONVERSION = YES;
				CLANG_WARN_OBJC_IMPLICIT_RETAIN_SELF = YES;
				CLANG_WARN_OBJC_LITERAL_CONVERSION = YES;
				CLANG_WARN_OBJC_ROOT_CLASS = YES_ERROR;
				CLANG_WARN_RANGE_LOOP_ANALYSIS = YES;
				CLANG_WARN_STRICT_PROTOTYPES = YES;
				CLANG_WARN_SUSPICIOUS_MOVE = YES;
				CLANG_WARN_UNGUARDED_AVAILABILITY = YES_AGGRESSIVE;
				CLANG_WARN_UNREACHABLE_CODE = YES;
				CLANG_WARN__DUPLICATE_METHOD_MATCH = YES;
				COPY_PHASE_STRIP = NO;
				DEBUG_INFORMATION_FORMAT = dwarf;
				ENABLE_STRICT_OBJC_MSGSEND = YES;
				ENABLE_TESTABILITY = YES;
				GCC_C_LANGUAGE_STANDARD = gnu11;
				GCC_DYNAMIC_NO_PIC = NO;
				GCC_NO_COMMON_BLOCKS = YES;
				GCC_OPTIMIZATION_LEVEL = 0;
				GCC_PREPROCESSOR_DEFINITIONS = (
					"DEBUG=1",
					"$(inherited)",
				);
				GCC_WARN_64_TO_32_BIT_CONVERSION = YES;
				GCC_WARN_ABOUT_RETURN_TYPE = YES_ERROR;
				GCC_WARN_UNDECLARED_SELECTOR = YES;
				GCC_WARN_UNINITIALIZED_AUTOS = YES_AGGRESSIVE;
				GCC_WARN_UNUSED_FUNCTION = YES;
				GCC_WARN_UNUSED_VARIABLE = YES;
				MACOSX_DEPLOYMENT_TARGET = 10.15;
				MTL_ENABLE_DEBUG_INFO = INCLUDE_SOURCE;
				MTL_FAST_MATH = YES;
				ONLY_ACTIVE_ARCH = YES;
				SDKROOT = macosx;
				SWIFT_ACTIVE_COMPILATION_CONDITIONS = DEBUG;
				SWIFT_OPTIMIZATION_LEVEL = "-Onone";
			};
			name = Debug;
		};
		9D6AC1972364F52100965419 /* Release */ = {
			isa = XCBuildConfiguration;
			buildSettings = {
				ALWAYS_SEARCH_USER_PATHS = NO;
				CLANG_ANALYZER_NONNULL = YES;
				CLANG_ANALYZER_NUMBER_OBJECT_CONVERSION = YES_AGGRESSIVE;
				CLANG_CXX_LANGUAGE_STANDARD = "gnu++14";
				CLANG_CXX_LIBRARY = "libc++";
				CLANG_ENABLE_MODULES = YES;
				CLANG_ENABLE_OBJC_ARC = YES;
				CLANG_ENABLE_OBJC_WEAK = YES;
				CLANG_WARN_BLOCK_CAPTURE_AUTORELEASING = YES;
				CLANG_WARN_BOOL_CONVERSION = YES;
				CLANG_WARN_COMMA = YES;
				CLANG_WARN_CONSTANT_CONVERSION = YES;
				CLANG_WARN_DEPRECATED_OBJC_IMPLEMENTATIONS = YES;
				CLANG_WARN_DIRECT_OBJC_ISA_USAGE = YES_ERROR;
				CLANG_WARN_DOCUMENTATION_COMMENTS = YES;
				CLANG_WARN_EMPTY_BODY = YES;
				CLANG_WARN_ENUM_CONVERSION = YES;
				CLANG_WARN_INFINITE_RECURSION = YES;
				CLANG_WARN_INT_CONVERSION = YES;
				CLANG_WARN_NON_LITERAL_NULL_CONVERSION = YES;
				CLANG_WARN_OBJC_IMPLICIT_RETAIN_SELF = YES;
				CLANG_WARN_OBJC_LITERAL_CONVERSION = YES;
				CLANG_WARN_OBJC_ROOT_CLASS = YES_ERROR;
				CLANG_WARN_RANGE_LOOP_ANALYSIS = YES;
				CLANG_WARN_STRICT_PROTOTYPES = YES;
				CLANG_WARN_SUSPICIOUS_MOVE = YES;
				CLANG_WARN_UNGUARDED_AVAILABILITY = YES_AGGRESSIVE;
				CLANG_WARN_UNREACHABLE_CODE = YES;
				CLANG_WARN__DUPLICATE_METHOD_MATCH = YES;
				COPY_PHASE_STRIP = NO;
				DEBUG_INFORMATION_FORMAT = "dwarf-with-dsym";
				ENABLE_NS_ASSERTIONS = NO;
				ENABLE_STRICT_OBJC_MSGSEND = YES;
				GCC_C_LANGUAGE_STANDARD = gnu11;
				GCC_NO_COMMON_BLOCKS = YES;
				GCC_WARN_64_TO_32_BIT_CONVERSION = YES;
				GCC_WARN_ABOUT_RETURN_TYPE = YES_ERROR;
				GCC_WARN_UNDECLARED_SELECTOR = YES;
				GCC_WARN_UNINITIALIZED_AUTOS = YES_AGGRESSIVE;
				GCC_WARN_UNUSED_FUNCTION = YES;
				GCC_WARN_UNUSED_VARIABLE = YES;
				MACOSX_DEPLOYMENT_TARGET = 10.15;
				MTL_ENABLE_DEBUG_INFO = NO;
				MTL_FAST_MATH = YES;
				SDKROOT = macosx;
				SWIFT_COMPILATION_MODE = wholemodule;
				SWIFT_OPTIMIZATION_LEVEL = "-O";
			};
			name = Release;
		};
		9D8EA46323678C050027F7CA /* Debug */ = {
			isa = XCBuildConfiguration;
			buildSettings = {
				CODE_SIGN_STYLE = Automatic;
				COMBINE_HIDPI_IMAGES = YES;
				INFOPLIST_FILE = com.redwoodmonkey.FermentrackProcessManager/Info.plist;
				PRODUCT_BUNDLE_IDENTIFIER = com.redwoodmonkey.FermentrackProcessManager;
				PRODUCT_NAME = "$(TARGET_NAME)";
				SKIP_INSTALL = YES;
				SWIFT_VERSION = 5.0;
			};
			name = Debug;
		};
		9D8EA46423678C050027F7CA /* Release */ = {
			isa = XCBuildConfiguration;
			buildSettings = {
				CODE_SIGN_STYLE = Automatic;
				COMBINE_HIDPI_IMAGES = YES;
				INFOPLIST_FILE = com.redwoodmonkey.FermentrackProcessManager/Info.plist;
				PRODUCT_BUNDLE_IDENTIFIER = com.redwoodmonkey.FermentrackProcessManager;
				PRODUCT_NAME = "$(TARGET_NAME)";
				SKIP_INSTALL = YES;
				SWIFT_VERSION = 5.0;
			};
			name = Release;
		};
/* End XCBuildConfiguration section */

/* Begin XCConfigurationList section */
		9D6943C32367927E00AC09D9 /* Build configuration list for PBXNativeTarget "FermentrackManager" */ = {
			isa = XCConfigurationList;
			buildConfigurations = (
				9D6943C12367927E00AC09D9 /* Debug */,
				9D6943C22367927E00AC09D9 /* Release */,
			);
			defaultConfigurationIsVisible = 0;
			defaultConfigurationName = Release;
		};
		9D6AC18C2364F52100965419 /* Build configuration list for PBXProject "FermentrackManager" */ = {
			isa = XCConfigurationList;
			buildConfigurations = (
				9D6AC1962364F52100965419 /* Debug */,
				9D6AC1972364F52100965419 /* Release */,
			);
			defaultConfigurationIsVisible = 0;
			defaultConfigurationName = Release;
		};
		9D8EA46223678C050027F7CA /* Build configuration list for PBXNativeTarget "com.redwoodmonkey.FermentrackProcessManager" */ = {
			isa = XCConfigurationList;
			buildConfigurations = (
				9D8EA46323678C050027F7CA /* Debug */,
				9D8EA46423678C050027F7CA /* Release */,
			);
			defaultConfigurationIsVisible = 0;
			defaultConfigurationName = Release;
		};
/* End XCConfigurationList section */
	};
	rootObject = 9D6AC1892364F52100965419 /* Project object */;
}
